// !$*UTF8*$!
{
	archiveVersion = 1;
	classes = {
	};
	objectVersion = 50;
	objects = {

/* Begin PBXBuildFile section */
		751EEF6F2214786C004A766B /* FileController.cpp in Sources */ = {isa = PBXBuildFile; fileRef = 751EEF6D2214786C004A766B /* FileController.cpp */; };
		751EEF7322147EED004A766B /* LinearTester.cpp in Sources */ = {isa = PBXBuildFile; fileRef = 751EEF7122147EED004A766B /* LinearTester.cpp */; };
		751EEF95221481CD004A766B /* Music.cpp in Sources */ = {isa = PBXBuildFile; fileRef = 751EEF94221481CD004A766B /* Music.cpp */; };
		751EEF98221481D6004A766B /* CrimeData.cpp in Sources */ = {isa = PBXBuildFile; fileRef = 751EEF97221481D6004A766B /* CrimeData.cpp */; };
		7538ECBC223FDB4D00883D16 /* GraphTester.cpp in Sources */ = {isa = PBXBuildFile; fileRef = 7538ECBA223FDB4D00883D16 /* GraphTester.cpp */; };
		75E6B39221FF5CC800E9D5A1 /* main.cpp in Sources */ = {isa = PBXBuildFile; fileRef = 75E6B39121FF5CC800E9D5A1 /* main.cpp */; };
		75E6B39E21FF5DBD00E9D5A1 /* Controller.cpp in Sources */ = {isa = PBXBuildFile; fileRef = 75E6B39C21FF5DBD00E9D5A1 /* Controller.cpp */; };
		75E6B3A021FF5EAD00E9D5A1 /* Runner.cpp in Sources */ = {isa = PBXBuildFile; fileRef = 75E6B39F21FF5EAD00E9D5A1 /* Runner.cpp */; };
		75EAD1502209DE8800D6954B /* Timer.cpp in Sources */ = {isa = PBXBuildFile; fileRef = 75EAD14E2209DE8800D6954B /* Timer.cpp */; };
/* End PBXBuildFile section */

/* Begin PBXCopyFilesBuildPhase section */
		75E6B38C21FF5CC800E9D5A1 /* CopyFiles */ = {
			isa = PBXCopyFilesBuildPhase;
			buildActionMask = 2147483647;
			dstPath = /usr/share/man/man1/;
			dstSubfolderSpec = 0;
			files = (
			);
			runOnlyForDeploymentPostprocessing = 1;
		};
/* End PBXCopyFilesBuildPhase section */

/* Begin PBXFileReference section */
		751062D42232B835000878D3 /* Graph.hpp */ = {isa = PBXFileReference; lastKnownFileType = sourcecode.cpp.h; path = Graph.hpp; sourceTree = "<group>"; };
		75134904220C85090013D499 /* List.hpp */ = {isa = PBXFileReference; lastKnownFileType = sourcecode.cpp.h; path = List.hpp; sourceTree = "<group>"; };
		751EEF6C22147450004A766B /* Queue.hpp */ = {isa = PBXFileReference; lastKnownFileType = sourcecode.cpp.h; path = Queue.hpp; sourceTree = "<group>"; };
		751EEF6D2214786C004A766B /* FileController.cpp */ = {isa = PBXFileReference; lastKnownFileType = sourcecode.cpp.cpp; path = FileController.cpp; sourceTree = "<group>"; };
		751EEF6E2214786C004A766B /* FileController.hpp */ = {isa = PBXFileReference; lastKnownFileType = sourcecode.cpp.h; path = FileController.hpp; sourceTree = "<group>"; };
		751EEF7122147EED004A766B /* LinearTester.cpp */ = {isa = PBXFileReference; lastKnownFileType = sourcecode.cpp.cpp; path = LinearTester.cpp; sourceTree = "<group>"; };
		751EEF7222147EED004A766B /* LinearTester.hpp */ = {isa = PBXFileReference; lastKnownFileType = sourcecode.cpp.h; path = LinearTester.hpp; sourceTree = "<group>"; };
		751EEF93221481C6004A766B /* Music.hpp */ = {isa = PBXFileReference; lastKnownFileType = sourcecode.cpp.h; path = Music.hpp; sourceTree = "<group>"; };
		751EEF94221481CD004A766B /* Music.cpp */ = {isa = PBXFileReference; lastKnownFileType = sourcecode.cpp.cpp; path = Music.cpp; sourceTree = "<group>"; };
		751EEF96221481D4004A766B /* CrimeData.hpp */ = {isa = PBXFileReference; lastKnownFileType = sourcecode.cpp.h; path = CrimeData.hpp; sourceTree = "<group>"; };
		751EEF97221481D6004A766B /* CrimeData.cpp */ = {isa = PBXFileReference; lastKnownFileType = sourcecode.cpp.cpp; path = CrimeData.cpp; sourceTree = "<group>"; };
		751EEF99221481DB004A766B /* crime.csv */ = {isa = PBXFileReference; lastKnownFileType = text; path = crime.csv; sourceTree = "<group>"; };
		751EEF9A221481E0004A766B /* music.csv */ = {isa = PBXFileReference; lastKnownFileType = text; path = music.csv; sourceTree = "<group>"; };
		7538ECBA223FDB4D00883D16 /* GraphTester.cpp */ = {isa = PBXFileReference; lastKnownFileType = sourcecode.cpp.cpp; path = GraphTester.cpp; sourceTree = "<group>"; };
		7538ECBB223FDB4D00883D16 /* GraphTester.hpp */ = {isa = PBXFileReference; lastKnownFileType = sourcecode.cpp.h; path = GraphTester.hpp; sourceTree = "<group>"; };
		7597ECD9221EF0EC0041ED71 /* DoubleNode.hpp */ = {isa = PBXFileReference; lastKnownFileType = sourcecode.cpp.h; path = DoubleNode.hpp; sourceTree = "<group>"; };
		7597ECDA221EF80D0041ED71 /* CircularList.hpp */ = {isa = PBXFileReference; lastKnownFileType = sourcecode.cpp.h; path = CircularList.hpp; sourceTree = "<group>"; };
		75AA3D31221C647F00E63DFE /* Data Structures UML.png */ = {isa = PBXFileReference; lastKnownFileType = image.png; path = "Data Structures UML.png"; sourceTree = "<group>"; };
		75AA3D32221C648C00E63DFE /* NodeTypes.png */ = {isa = PBXFileReference; lastKnownFileType = image.png; path = NodeTypes.png; sourceTree = "<group>"; };
		75AE46A02211C7AC00174088 /* LinkedList.hpp */ = {isa = PBXFileReference; lastKnownFileType = sourcecode.cpp.h; path = LinkedList.hpp; sourceTree = "<group>"; };
		75AE46A12211D6C700174088 /* Stack.hpp */ = {isa = PBXFileReference; lastKnownFileType = sourcecode.cpp.h; path = Stack.hpp; sourceTree = "<group>"; };
		75DC945C2231678D00839C32 /* Array.hpp */ = {isa = PBXFileReference; lastKnownFileType = sourcecode.cpp.h; path = Array.hpp; sourceTree = "<group>"; };
		75DC945D2231799100839C32 /* LinearNode.hpp */ = {isa = PBXFileReference; fileEncoding = 4; lastKnownFileType = sourcecode.cpp.h; path = LinearNode.hpp; sourceTree = "<group>"; };
		75E6B38E21FF5CC800E9D5A1 /* DataStructures */ = {isa = PBXFileReference; explicitFileType = "compiled.mach-o.executable"; includeInIndex = 0; path = DataStructures; sourceTree = BUILT_PRODUCTS_DIR; };
		75E6B39121FF5CC800E9D5A1 /* main.cpp */ = {isa = PBXFileReference; lastKnownFileType = sourcecode.cpp.cpp; path = main.cpp; sourceTree = "<group>"; };
		75E6B39C21FF5DBD00E9D5A1 /* Controller.cpp */ = {isa = PBXFileReference; lastKnownFileType = sourcecode.cpp.cpp; path = Controller.cpp; sourceTree = "<group>"; };
		75E6B39D21FF5DBD00E9D5A1 /* Controller.hpp */ = {isa = PBXFileReference; lastKnownFileType = sourcecode.cpp.h; path = Controller.hpp; sourceTree = "<group>"; };
		75E6B39F21FF5EAD00E9D5A1 /* Runner.cpp */ = {isa = PBXFileReference; lastKnownFileType = sourcecode.cpp.cpp; path = Runner.cpp; sourceTree = "<group>"; };
		75E6B3A121FF60D800E9D5A1 /* Node.hpp */ = {isa = PBXFileReference; lastKnownFileType = sourcecode.cpp.h; path = Node.hpp; sourceTree = "<group>"; };
		75EAD14E2209DE8800D6954B /* Timer.cpp */ = {isa = PBXFileReference; lastKnownFileType = sourcecode.cpp.cpp; path = Timer.cpp; sourceTree = "<group>"; };
		75EAD14F2209DE8800D6954B /* Timer.hpp */ = {isa = PBXFileReference; lastKnownFileType = sourcecode.cpp.h; path = Timer.hpp; sourceTree = "<group>"; };
/* End PBXFileReference section */

/* Begin PBXFrameworksBuildPhase section */
		75E6B38B21FF5CC800E9D5A1 /* Frameworks */ = {
			isa = PBXFrameworksBuildPhase;
			buildActionMask = 2147483647;
			files = (
			);
			runOnlyForDeploymentPostprocessing = 0;
		};
/* End PBXFrameworksBuildPhase section */

/* Begin PBXGroup section */
		751062D32232B7D9000878D3 /* Non Linear */ = {
			isa = PBXGroup;
			children = (
				751062D42232B835000878D3 /* Graph.hpp */,
			);
			path = "Non Linear";
			sourceTree = "<group>";
		};
		75134903220C84E30013D499 /* Linear */ = {
			isa = PBXGroup;
			children = (
				75134904220C85090013D499 /* List.hpp */,
				75AE46A02211C7AC00174088 /* LinkedList.hpp */,
				75AE46A12211D6C700174088 /* Stack.hpp */,
				751EEF6C22147450004A766B /* Queue.hpp */,
				7597ECDA221EF80D0041ED71 /* CircularList.hpp */,
				75DC945C2231678D00839C32 /* Array.hpp */,
			);
			path = Linear;
			sourceTree = "<group>";
		};
		75134905220C858D0013D499 /* Model */ = {
			isa = PBXGroup;
			children = (
				751062D32232B7D9000878D3 /* Non Linear */,
				75134903220C84E30013D499 /* Linear */,
				75134906220C859F0013D499 /* Nodes */,
			);
			path = Model;
			sourceTree = "<group>";
		};
		75134906220C859F0013D499 /* Nodes */ = {
			isa = PBXGroup;
			children = (
				75DC945D2231799100839C32 /* LinearNode.hpp */,
				75E6B3A121FF60D800E9D5A1 /* Node.hpp */,
				7597ECD9221EF0EC0041ED71 /* DoubleNode.hpp */,
			);
			path = Nodes;
			sourceTree = "<group>";
		};
		751EEF7022147ED8004A766B /* Testers */ = {
			isa = PBXGroup;
			children = (
				751EEF7122147EED004A766B /* LinearTester.cpp */,
				751EEF7222147EED004A766B /* LinearTester.hpp */,
				7538ECBA223FDB4D00883D16 /* GraphTester.cpp */,
				7538ECBB223FDB4D00883D16 /* GraphTester.hpp */,
			);
			path = Testers;
			sourceTree = "<group>";
		};
		75E6B38521FF5CC700E9D5A1 = {
			isa = PBXGroup;
			children = (
				75E6B39021FF5CC800E9D5A1 /* DataStructures */,
				75E6B38F21FF5CC800E9D5A1 /* Products */,
			);
			sourceTree = "<group>";
		};
		75E6B38F21FF5CC800E9D5A1 /* Products */ = {
			isa = PBXGroup;
			children = (
				75E6B38E21FF5CC800E9D5A1 /* DataStructures */,
			);
			name = Products;
			sourceTree = "<group>";
		};
		75E6B39021FF5CC800E9D5A1 /* DataStructures */ = {
			isa = PBXGroup;
			children = (
				751EEF7022147ED8004A766B /* Testers */,
				75134905220C858D0013D499 /* Model */,
				75E6B39A21FF5D2900E9D5A1 /* Controller */,
				75E6B39921FF5D2200E9D5A1 /* Diagrams */,
				75E6B39821FF5D1600E9D5A1 /* Resources */,
			);
			path = DataStructures;
			sourceTree = "<group>";
		};
		75E6B39821FF5D1600E9D5A1 /* Resources */ = {
			isa = PBXGroup;
			children = (
				751EEF9A221481E0004A766B /* music.csv */,
				751EEF99221481DB004A766B /* crime.csv */,
				751EEF97221481D6004A766B /* CrimeData.cpp */,
				751EEF96221481D4004A766B /* CrimeData.hpp */,
				751EEF94221481CD004A766B /* Music.cpp */,
				751EEF93221481C6004A766B /* Music.hpp */,
				75E6B39121FF5CC800E9D5A1 /* main.cpp */,
			);
			path = Resources;
			sourceTree = "<group>";
		};
		75E6B39921FF5D2200E9D5A1 /* Diagrams */ = {
			isa = PBXGroup;
			children = (
				75AA3D31221C647F00E63DFE /* Data Structures UML.png */,
				75AA3D32221C648C00E63DFE /* NodeTypes.png */,
			);
			path = Diagrams;
			sourceTree = "<group>";
		};
		75E6B39A21FF5D2900E9D5A1 /* Controller */ = {
			isa = PBXGroup;
			children = (
				75EAD14D2209DE4300D6954B /* Tools */,
			);
			path = Controller;
			sourceTree = "<group>";
		};
		75EAD14D2209DE4300D6954B /* Tools */ = {
			isa = PBXGroup;
			children = (
				75EAD14E2209DE8800D6954B /* Timer.cpp */,
				75EAD14F2209DE8800D6954B /* Timer.hpp */,
				751EEF6D2214786C004A766B /* FileController.cpp */,
				751EEF6E2214786C004A766B /* FileController.hpp */,
				75E6B39C21FF5DBD00E9D5A1 /* Controller.cpp */,
				75E6B39D21FF5DBD00E9D5A1 /* Controller.hpp */,
				75E6B39F21FF5EAD00E9D5A1 /* Runner.cpp */,
			);
			path = Tools;
			sourceTree = "<group>";
		};
/* End PBXGroup section */

/* Begin PBXNativeTarget section */
		75E6B38D21FF5CC800E9D5A1 /* DataStructures */ = {
			isa = PBXNativeTarget;
			buildConfigurationList = 75E6B39521FF5CC800E9D5A1 /* Build configuration list for PBXNativeTarget "DataStructures" */;
			buildPhases = (
				75E6B38A21FF5CC800E9D5A1 /* Sources */,
				75E6B38B21FF5CC800E9D5A1 /* Frameworks */,
				75E6B38C21FF5CC800E9D5A1 /* CopyFiles */,
			);
			buildRules = (
			);
			dependencies = (
			);
			name = DataStructures;
			productName = DataStructures;
			productReference = 75E6B38E21FF5CC800E9D5A1 /* DataStructures */;
			productType = "com.apple.product-type.tool";
		};
/* End PBXNativeTarget section */

/* Begin PBXProject section */
		75E6B38621FF5CC700E9D5A1 /* Project object */ = {
			isa = PBXProject;
			attributes = {
				LastUpgradeCheck = 1000;
				ORGANIZATIONNAME = "\U001bCTEC";
				TargetAttributes = {
					75E6B38D21FF5CC800E9D5A1 = {
						CreatedOnToolsVersion = 10.0;
					};
				};
			};
			buildConfigurationList = 75E6B38921FF5CC700E9D5A1 /* Build configuration list for PBXProject "DataStructures" */;
			compatibilityVersion = "Xcode 9.3";
			developmentRegion = en;
			hasScannedForEncodings = 0;
			knownRegions = (
				en,
			);
			mainGroup = 75E6B38521FF5CC700E9D5A1;
			productRefGroup = 75E6B38F21FF5CC800E9D5A1 /* Products */;
			projectDirPath = "";
			projectRoot = "";
			targets = (
				75E6B38D21FF5CC800E9D5A1 /* DataStructures */,
			);
		};
/* End PBXProject section */

/* Begin PBXSourcesBuildPhase section */
		75E6B38A21FF5CC800E9D5A1 /* Sources */ = {
			isa = PBXSourcesBuildPhase;
			buildActionMask = 2147483647;
			files = (
				751EEF95221481CD004A766B /* Music.cpp in Sources */,
				75E6B3A021FF5EAD00E9D5A1 /* Runner.cpp in Sources */,
				75E6B39221FF5CC800E9D5A1 /* main.cpp in Sources */,
				751EEF7322147EED004A766B /* LinearTester.cpp in Sources */,
				751EEF98221481D6004A766B /* CrimeData.cpp in Sources */,
				7538ECBC223FDB4D00883D16 /* GraphTester.cpp in Sources */,
				75E6B39E21FF5DBD00E9D5A1 /* Controller.cpp in Sources */,
				751EEF6F2214786C004A766B /* FileController.cpp in Sources */,
				75EAD1502209DE8800D6954B /* Timer.cpp in Sources */,
			);
			runOnlyForDeploymentPostprocessing = 0;
		};
/* End PBXSourcesBuildPhase section */

/* Begin XCBuildConfiguration section */
		75E6B39321FF5CC800E9D5A1 /* Debug */ = {
			isa = XCBuildConfiguration;
			buildSettings = {
				ALWAYS_SEARCH_USER_PATHS = NO;
				CLANG_ANALYZER_NONNULL = YES;
				CLANG_ANALYZER_NUMBER_OBJECT_CONVERSION = YES_AGGRESSIVE;
				CLANG_CXX_LANGUAGE_STANDARD = "gnu++14";
				CLANG_CXX_LIBRARY = "libc++";
				CLANG_ENABLE_MODULES = YES;
				CLANG_ENABLE_OBJC_ARC = YES;
				CLANG_ENABLE_OBJC_WEAK = YES;
				CLANG_WARN_BLOCK_CAPTURE_AUTORELEASING = YES;
				CLANG_WARN_BOOL_CONVERSION = YES;
				CLANG_WARN_COMMA = YES;
				CLANG_WARN_CONSTANT_CONVERSION = YES;
				CLANG_WARN_DEPRECATED_OBJC_IMPLEMENTATIONS = YES;
				CLANG_WARN_DIRECT_OBJC_ISA_USAGE = YES_ERROR;
				CLANG_WARN_DOCUMENTATION_COMMENTS = YES;
				CLANG_WARN_EMPTY_BODY = YES;
				CLANG_WARN_ENUM_CONVERSION = YES;
				CLANG_WARN_INFINITE_RECURSION = YES;
				CLANG_WARN_INT_CONVERSION = YES;
				CLANG_WARN_NON_LITERAL_NULL_CONVERSION = YES;
				CLANG_WARN_OBJC_IMPLICIT_RETAIN_SELF = YES;
				CLANG_WARN_OBJC_LITERAL_CONVERSION = YES;
				CLANG_WARN_OBJC_ROOT_CLASS = YES_ERROR;
				CLANG_WARN_RANGE_LOOP_ANALYSIS = YES;
				CLANG_WARN_STRICT_PROTOTYPES = YES;
				CLANG_WARN_SUSPICIOUS_MOVE = YES;
				CLANG_WARN_UNGUARDED_AVAILABILITY = YES_AGGRESSIVE;
				CLANG_WARN_UNREACHABLE_CODE = YES;
				CLANG_WARN__DUPLICATE_METHOD_MATCH = YES;
				CODE_SIGN_IDENTITY = "-";
				COPY_PHASE_STRIP = NO;
				DEBUG_INFORMATION_FORMAT = dwarf;
				ENABLE_STRICT_OBJC_MSGSEND = YES;
				ENABLE_TESTABILITY = YES;
				GCC_C_LANGUAGE_STANDARD = gnu11;
				GCC_DYNAMIC_NO_PIC = NO;
				GCC_NO_COMMON_BLOCKS = YES;
				GCC_OPTIMIZATION_LEVEL = 0;
				GCC_PREPROCESSOR_DEFINITIONS = (
					"DEBUG=1",
					"$(inherited)",
				);
				GCC_WARN_64_TO_32_BIT_CONVERSION = YES;
				GCC_WARN_ABOUT_RETURN_TYPE = YES_ERROR;
				GCC_WARN_UNDECLARED_SELECTOR = YES;
				GCC_WARN_UNINITIALIZED_AUTOS = YES_AGGRESSIVE;
				GCC_WARN_UNUSED_FUNCTION = YES;
				GCC_WARN_UNUSED_VARIABLE = YES;
				MACOSX_DEPLOYMENT_TARGET = 10.13;
				MTL_ENABLE_DEBUG_INFO = INCLUDE_SOURCE;
				MTL_FAST_MATH = YES;
				ONLY_ACTIVE_ARCH = YES;
				SDKROOT = macosx;
			};
			name = Debug;
		};
		75E6B39421FF5CC800E9D5A1 /* Release */ = {
			isa = XCBuildConfiguration;
			buildSettings = {
				ALWAYS_SEARCH_USER_PATHS = NO;
				CLANG_ANALYZER_NONNULL = YES;
				CLANG_ANALYZER_NUMBER_OBJECT_CONVERSION = YES_AGGRESSIVE;
				CLANG_CXX_LANGUAGE_STANDARD = "gnu++14";
				CLANG_CXX_LIBRARY = "libc++";
				CLANG_ENABLE_MODULES = YES;
				CLANG_ENABLE_OBJC_ARC = YES;
				CLANG_ENABLE_OBJC_WEAK = YES;
				CLANG_WARN_BLOCK_CAPTURE_AUTORELEASING = YES;
				CLANG_WARN_BOOL_CONVERSION = YES;
				CLANG_WARN_COMMA = YES;
				CLANG_WARN_CONSTANT_CONVERSION = YES;
				CLANG_WARN_DEPRECATED_OBJC_IMPLEMENTATIONS = YES;
				CLANG_WARN_DIRECT_OBJC_ISA_USAGE = YES_ERROR;
				CLANG_WARN_DOCUMENTATION_COMMENTS = YES;
				CLANG_WARN_EMPTY_BODY = YES;
				CLANG_WARN_ENUM_CONVERSION = YES;
				CLANG_WARN_INFINITE_RECURSION = YES;
				CLANG_WARN_INT_CONVERSION = YES;
				CLANG_WARN_NON_LITERAL_NULL_CONVERSION = YES;
				CLANG_WARN_OBJC_IMPLICIT_RETAIN_SELF = YES;
				CLANG_WARN_OBJC_LITERAL_CONVERSION = YES;
				CLANG_WARN_OBJC_ROOT_CLASS = YES_ERROR;
				CLANG_WARN_RANGE_LOOP_ANALYSIS = YES;
				CLANG_WARN_STRICT_PROTOTYPES = YES;
				CLANG_WARN_SUSPICIOUS_MOVE = YES;
				CLANG_WARN_UNGUARDED_AVAILABILITY = YES_AGGRESSIVE;
				CLANG_WARN_UNREACHABLE_CODE = YES;
				CLANG_WARN__DUPLICATE_METHOD_MATCH = YES;
				CODE_SIGN_IDENTITY = "-";
				COPY_PHASE_STRIP = NO;
				DEBUG_INFORMATION_FORMAT = "dwarf-with-dsym";
				ENABLE_NS_ASSERTIONS = NO;
				ENABLE_STRICT_OBJC_MSGSEND = YES;
				GCC_C_LANGUAGE_STANDARD = gnu11;
				GCC_NO_COMMON_BLOCKS = YES;
				GCC_WARN_64_TO_32_BIT_CONVERSION = YES;
				GCC_WARN_ABOUT_RETURN_TYPE = YES_ERROR;
				GCC_WARN_UNDECLARED_SELECTOR = YES;
				GCC_WARN_UNINITIALIZED_AUTOS = YES_AGGRESSIVE;
				GCC_WARN_UNUSED_FUNCTION = YES;
				GCC_WARN_UNUSED_VARIABLE = YES;
				MACOSX_DEPLOYMENT_TARGET = 10.13;
				MTL_ENABLE_DEBUG_INFO = NO;
				MTL_FAST_MATH = YES;
				SDKROOT = macosx;
			};
			name = Release;
		};
		75E6B39621FF5CC800E9D5A1 /* Debug */ = {
			isa = XCBuildConfiguration;
			buildSettings = {
				CODE_SIGN_STYLE = Automatic;
				PRODUCT_NAME = "$(TARGET_NAME)";
			};
			name = Debug;
		};
		75E6B39721FF5CC800E9D5A1 /* Release */ = {
			isa = XCBuildConfiguration;
			buildSettings = {
				CODE_SIGN_STYLE = Automatic;
				PRODUCT_NAME = "$(TARGET_NAME)";
			};
			name = Release;
		};
/* End XCBuildConfiguration section */

/* Begin XCConfigurationList section */
		75E6B38921FF5CC700E9D5A1 /* Build configuration list for PBXProject "DataStructures" */ = {
			isa = XCConfigurationList;
			buildConfigurations = (
				75E6B39321FF5CC800E9D5A1 /* Debug */,
				75E6B39421FF5CC800E9D5A1 /* Release */,
			);
			defaultConfigurationIsVisible = 0;
			defaultConfigurationName = Release;
		};
		75E6B39521FF5CC800E9D5A1 /* Build configuration list for PBXNativeTarget "DataStructures" */ = {
			isa = XCConfigurationList;
			buildConfigurations = (
				75E6B39621FF5CC800E9D5A1 /* Debug */,
				75E6B39721FF5CC800E9D5A1 /* Release */,
			);
			defaultConfigurationIsVisible = 0;
			defaultConfigurationName = Release;
		};
/* End XCConfigurationList section */
	};
	rootObject = 75E6B38621FF5CC700E9D5A1 /* Project object */;
}
